{
    "_readme": [
        "This file locks the dependencies of your project to a known state",
        "Read more about it at https://getcomposer.org/doc/01-basic-usage.md#composer-lock-the-lock-file",
        "This file is @generated automatically"
    ],
    "content-hash": "36581c27da59ffebebad405bfae41e34",
    "packages": [
        {
            "name": "strapless/base",
            "version": "1.1.5",
            "source": {
                "type": "git",
                "url": "https://github.com/strapless/base.git",
                "reference": "32ab7f32e6745e18ec46ca1e49e19e8ab347ec58"
            },
            "dist": {
                "type": "zip",
                "url": "https://api.github.com/repos/strapless/base/zipball/32ab7f32e6745e18ec46ca1e49e19e8ab347ec58",
                "reference": "32ab7f32e6745e18ec46ca1e49e19e8ab347ec58",
                "shasum": ""
            },
            "type": "library",
            "notification-url": "https://packagist.org/downloads/",
            "license": [
                "MIT"
            ],
            "authors": [
                {
                    "name": "Aaron M Jones",
                    "homepage": "http://www.jonesiscoding.com"
                }
            ],
            "description": "SASS Functions & mixins for managing variables within various SASS components.",
            "homepage": "https://www.github.com/strapless/base",
            "keywords": [
                "css",
                "maps",
                "sass",
                "scss",
                "strapless",
                "variables"
            ],
            "time": "2017-12-05T01:04:44+00:00"
        },
        {
            "name": "strapless/colors",
            "version": "1.0.6",
            "source": {
                "type": "git",
                "url": "https://github.com/strapless/colors.git",
                "reference": "a33fd13fd3a264145d1b8007e2c74a1d302f25d9"
            },
            "dist": {
                "type": "zip",
                "url": "https://api.github.com/repos/strapless/colors/zipball/a33fd13fd3a264145d1b8007e2c74a1d302f25d9",
                "reference": "a33fd13fd3a264145d1b8007e2c74a1d302f25d9",
                "shasum": ""
            },
            "type": "library",
            "notification-url": "https://packagist.org/downloads/",
            "license": [
                "MIT"
            ],
            "authors": [
                {
                    "name": "Aaron M Jones",
                    "homepage": "http://www.jonesiscoding.com"
                }
            ],
            "description": "SASS color functions, maps and CSS used in StrapLess components.  Can also be used quite effectively in any SASS where one desires an easy way to manage colors.",
            "homepage": "https://www.github.com/strapless/colors",
            "keywords": [
                "color",
                "map",
                "sass",
                "scss",
                "strapless"
            ],
            "time": "2017-12-05T15:09:02+00:00"
        }
    ],
    "packages-dev": [],
    "aliases": [],
    "minimum-stability": "stable",
    "stability-flags": [],
    "prefer-stable": false,
    "prefer-lowest": false,
    "platform": [],
    "platform-dev": []
}
