{
    "_readme": [
        "This file locks the dependencies of your project to a known state",
        "Read more about it at https://getcomposer.org/doc/01-basic-usage.md#composer-lock-the-lock-file",
        "This file is @generated automatically"
    ],
    "content-hash": "d85cd6ea3ecdcb61dc16615e6ae7119a",
    "packages": [
        {
            "name": "deviscoding/base",
            "version": "1.1.14",
            "source": {
                "type": "git",
                "url": "https://github.com/deviscoding/base.git",
                "reference": "49fa118ac7a4188f8da232910d449d5d8ba5cfa0"
            },
            "dist": {
                "type": "zip",
                "url": "https://api.github.com/repos/deviscoding/base/zipball/49fa118ac7a4188f8da232910d449d5d8ba5cfa0",
                "reference": "49fa118ac7a4188f8da232910d449d5d8ba5cfa0",
                "shasum": ""
            },
            "replace": {
                "strapless/base": "^1.1"
            },
            "type": "library",
            "notification-url": "https://packagist.org/downloads/",
            "license": [
                "MIT"
            ],
            "authors": [
                {
                    "name": "Aaron M Jones",
                    "homepage": "http://www.jonesiscoding.com"
                }
            ],
            "description": "SASS Functions & mixins for managing variables within various SASS components.",
            "homepage": "https://www.github.com/deviscoding/base",
            "keywords": [
                "css",
                "maps",
                "sass",
                "scss",
                "strapless",
                "variables"
            ],
            "time": "2018-05-24T12:29:40+00:00"
        },
        {
            "name": "deviscoding/colors",
            "version": "1.0.9",
            "source": {
                "type": "git",
                "url": "https://github.com/deviscoding/colors.git",
                "reference": "dd4a6ee5aab611b0f4e7e2d1f8c481caa1203e39"
            },
            "dist": {
                "type": "zip",
                "url": "https://api.github.com/repos/deviscoding/colors/zipball/dd4a6ee5aab611b0f4e7e2d1f8c481caa1203e39",
                "reference": "dd4a6ee5aab611b0f4e7e2d1f8c481caa1203e39",
                "shasum": ""
            },
            "replace": {
                "strapless/colors": "^1.0"
            },
            "type": "library",
            "notification-url": "https://packagist.org/downloads/",
            "license": [
                "MIT"
            ],
            "authors": [
                {
                    "name": "Aaron M Jones",
                    "homepage": "http://www.jonesiscoding.com"
                }
            ],
            "description": "SASS color functions, maps and CSS used in DevIsCoding components.  Can also be used quite effectively in any SASS where one desires an easy way to manage colors.",
            "homepage": "https://www.github.com/deviscoding/colors",
            "keywords": [
                "color",
                "map",
                "sass",
                "scss",
                "strapless"
            ],
            "time": "2018-05-23T15:47:48+00:00"
        }
    ],
    "packages-dev": [],
    "aliases": [],
    "minimum-stability": "stable",
    "stability-flags": [],
    "prefer-stable": false,
    "prefer-lowest": false,
    "platform": [],
    "platform-dev": []
}
